# This file is automatically @generated by Cargo.
# It is not intended for manual editing.
version = 4

[[package]]
name = "cal"
version = "0.1.0"
dependencies = [
 "evalexpr",
]

[[package]]
name = "evalexpr"
version = "11.3.1"
source = "registry+https://github.com/rust-lang/crates.io-index"
checksum = "b6aff27af350e7b53e82aac3e5ab6389abd8f280640ac034508dff0608c4c7e5"
